
Microsoft Visual Studio Solution File, Format Version 12.00
# Visual Studio Version 17
VisualStudioVersion = 17.3.32811.315
MinimumVisualStudioVersion = 10.0.40219.1
Project("{FAE04EC0-301F-11D3-BF4B-00C04F79EFBC}") = "pendulum simulator", "pendulum simulator\pendulum simulator.csproj", "{DE399B0F-1A70-4664-A06B-89B9A838EE47}"
EndProject
Global
	GlobalSection(SolutionConfigurationPlatforms) = preSolution
		Debug|Any CPU = Debug|Any CPU
		Release|Any CPU = Release|Any CPU
	EndGlobalSection
	GlobalSection(ProjectConfigurationPlatforms) = postSolution
		{DE399B0F-1A70-4664-A06B-89B9A838EE47}.Debug|Any CPU.ActiveCfg = Debug|Any CPU
		{DE399B0F-1A70-4664-A06B-89B9A838EE47}.Debug|Any CPU.Build.0 = Debug|Any CPU
		{DE399B0F-1A70-4664-A06B-89B9A838EE47}.Release|Any CPU.ActiveCfg = Release|Any CPU
		{DE399B0F-1A70-4664-A06B-89B9A838EE47}.Release|Any CPU.Build.0 = Release|Any CPU
	EndGlobalSection
	GlobalSection(SolutionProperties) = preSolution
		HideSolutionNode = FALSE
	EndGlobalSection
	GlobalSection(ExtensibilityGlobals) = postSolution
		SolutionGuid = {B3A238AD-B9E9-4700-9D90-93B2B164FAA8}
	EndGlobalSection
EndGlobal
